<?xml version="1.0" encoding="utf-8"?>
<Project ToolsVersion="4.0" xmlns="http://schemas.microsoft.com/developer/msbuild/2003">
  <ItemGroup>
    <ClCompile Include="Actor.cpp" />
    <ClCompile Include="ActorComponent.cpp" />
    <ClCompile Include="Collision.cpp" />
    <ClCompile Include="EngineCore.cpp" />
    <ClCompile Include="EngineDebug.cpp" />
    <ClCompile Include="EngineResourcesManager.cpp" />
    <ClCompile Include="ImageRenderer.cpp" />
    <ClCompile Include="Level.cpp" />
    <ClCompile Include="SceneComponent.cpp" />
    <ClCompile Include="TickObject.cpp" />
  </ItemGroup>
  <ItemGroup>
    <ClInclude Include="Actor.h" />
    <ClInclude Include="ActorComponent.h" />
    <ClInclude Include="Collision.h" />
    <ClInclude Include="EngineCore.h" />
    <ClInclude Include="EngineDebug.h" />
    <ClInclude Include="EngineResourcesManager.h" />
    <ClInclude Include="ImageRenderer.h" />
    <ClInclude Include="Level.h" />
    <ClInclude Include="SceneComponent.h" />
    <ClInclude Include="TickObject.h" />
  </ItemGroup>
</Project>