<?xml version="1.0" encoding="utf-8"?>
<Project ToolsVersion="4.0" xmlns="http://schemas.microsoft.com/developer/msbuild/2003">
  <ItemGroup>
    <ClCompile Include="EngineInput.cpp" />
    <ClCompile Include="EngineResources.cpp" />
    <ClCompile Include="EngineWindow.cpp" />
    <ClCompile Include="WindowImage.cpp" />
  </ItemGroup>
  <ItemGroup>
    <ClInclude Include="EngineInput.h" />
    <ClInclude Include="EngineResources.h" />
    <ClInclude Include="WindowImage.h" />
    <ClInclude Include="EngineWindow.h" />
  </ItemGroup>
</Project>