<?xml version="1.0" encoding="utf-8"?>
<Project ToolsVersion="4.0" xmlns="http://schemas.microsoft.com/developer/msbuild/2003">
  <ItemGroup>
    <Filter Include="Core">
      <UniqueIdentifier>{db72b46a-f30f-40c4-88ea-1e330246dd7d}</UniqueIdentifier>
    </Filter>
    <Filter Include="PreCompile">
      <UniqueIdentifier>{a2c3a0c9-1fbe-4ae0-a7ba-b3f70d0a5b3e}</UniqueIdentifier>
    </Filter>
    <Filter Include="Level">
      <UniqueIdentifier>{595c9141-15f1-4e68-b1df-531274511814}</UniqueIdentifier>
    </Filter>
    <Filter Include="Level\PlayLevel">
      <UniqueIdentifier>{2c7fb2c3-98e7-4f32-91fc-addee59b1a3b}</UniqueIdentifier>
    </Filter>
    <Filter Include="Level\TitleLevel">
      <UniqueIdentifier>{70c7b2a1-48dd-4e02-a37b-64fdff01deaf}</UniqueIdentifier>
    </Filter>
    <Filter Include="Level\TitleLevel\Actor">
      <UniqueIdentifier>{923b75c6-420f-4d2b-ab2c-5f1c27e6b0a4}</UniqueIdentifier>
    </Filter>
    <Filter Include="Level\PlayLevel\Actor">
      <UniqueIdentifier>{67327fbd-f5b1-4f4c-97e5-42213469615d}</UniqueIdentifier>
    </Filter>
    <Filter Include="Option">
      <UniqueIdentifier>{0a1e54c0-faf8-4c3f-9539-10411c69114a}</UniqueIdentifier>
    </Filter>
    <Filter Include="Level\PlayLevel\Widget">
      <UniqueIdentifier>{6d445558-b7c0-4a72-9954-9f211c34031e}</UniqueIdentifier>
    </Filter>
    <Filter Include="Level\ServerLevel">
      <UniqueIdentifier>{fd9a87db-12e7-4d75-bc20-b94b6e189b49}</UniqueIdentifier>
    </Filter>
    <Filter Include="Protocol">
      <UniqueIdentifier>{d0df054d-24fa-44d8-80bb-06c7c7bdefde}</UniqueIdentifier>
    </Filter>
  </ItemGroup>
  <ItemGroup>
    <ClInclude Include="SamCore.h">
      <Filter>Core</Filter>
    </ClInclude>
    <ClInclude Include="PreCompile.h">
      <Filter>PreCompile</Filter>
    </ClInclude>
    <ClInclude Include="PlayGameMode.h">
      <Filter>Level\PlayLevel</Filter>
    </ClInclude>
    <ClInclude Include="Player.h">
      <Filter>Level\PlayLevel\Actor</Filter>
    </ClInclude>
    <ClInclude Include="TitleGameMode.h">
      <Filter>Level\TitleLevel</Filter>
    </ClInclude>
    <ClInclude Include="TitleLogo.h">
      <Filter>Level\TitleLevel\Actor</Filter>
    </ClInclude>
    <ClInclude Include="PlayBack.h">
      <Filter>Level\PlayLevel\Actor</Filter>
    </ClInclude>
    <ClInclude Include="ContentsEnum.h">
      <Filter>Option</Filter>
    </ClInclude>
    <ClInclude Include="ContentsConstValue.h">
      <Filter>Option</Filter>
    </ClInclude>
    <ClInclude Include="Monster.h">
      <Filter>Level\PlayLevel\Actor</Filter>
    </ClInclude>
    <ClInclude Include="MyWidget.h">
      <Filter>Level\PlayLevel\Widget</Filter>
    </ClInclude>
    <ClInclude Include="ServerGameMode.h">
      <Filter>Level\ServerLevel</Filter>
    </ClInclude>
    <ClInclude Include="ServerPlayer.h">
      <Filter>Level\ServerLevel</Filter>
    </ClInclude>
    <ClInclude Include="Packets.h">
      <Filter>Protocol</Filter>
    </ClInclude>
    <ClInclude Include="OtherPlayer.h">
      <Filter>Level\ServerLevel</Filter>
    </ClInclude>
  </ItemGroup>
  <ItemGroup>
    <ClCompile Include="SamCore.cpp">
      <Filter>Core</Filter>
    </ClCompile>
    <ClCompile Include="PreCompile.cpp">
      <Filter>PreCompile</Filter>
    </ClCompile>
    <ClCompile Include="PlayGameMode.cpp">
      <Filter>Level\PlayLevel</Filter>
    </ClCompile>
    <ClCompile Include="Player.cpp">
      <Filter>Level\PlayLevel\Actor</Filter>
    </ClCompile>
    <ClCompile Include="TitleGameMode.cpp">
      <Filter>Level\TitleLevel</Filter>
    </ClCompile>
    <ClCompile Include="TitleLogo.cpp">
      <Filter>Level\TitleLevel\Actor</Filter>
    </ClCompile>
    <ClCompile Include="PlayBack.cpp">
      <Filter>Level\PlayLevel\Actor</Filter>
    </ClCompile>
    <ClCompile Include="ContentsConstValue.cpp">
      <Filter>Option</Filter>
    </ClCompile>
    <ClCompile Include="Player_State.cpp">
      <Filter>Level\PlayLevel\Actor</Filter>
    </ClCompile>
    <ClCompile Include="Monster.cpp">
      <Filter>Level\PlayLevel\Actor</Filter>
    </ClCompile>
    <ClCompile Include="MyWidget.cpp">
      <Filter>Level\PlayLevel\Widget</Filter>
    </ClCompile>
    <ClCompile Include="ServerGameMode.cpp">
      <Filter>Level\ServerLevel</Filter>
    </ClCompile>
    <ClCompile Include="ServerPlayer.cpp">
      <Filter>Level\ServerLevel</Filter>
    </ClCompile>
    <ClCompile Include="Packets.cpp">
      <Filter>Protocol</Filter>
    </ClCompile>
    <ClCompile Include="OtherPlayer.cpp">
      <Filter>Level\ServerLevel</Filter>
    </ClCompile>
  </ItemGroup>
</Project>